
Microsoft Visual Studio Solution File, Format Version 12.00
# Visual Studio Version 17
VisualStudioVersion = 17.11.35327.3
MinimumVisualStudioVersion = 10.0.40219.1
Project("{9A19103F-16F7-4668-BE54-9A1E7A4F7556}") = "OOPPractice", "TestProj\OOPPractice.csproj", "{39AAB9DA-0D67-4DEB-AF48-CC97A0C4750F}"
EndProject
Global
	GlobalSection(SolutionConfigurationPlatforms) = preSolution
		Debug|Any CPU = Debug|Any CPU
		Release|Any CPU = Release|Any CPU
	EndGlobalSection
	GlobalSection(ProjectConfigurationPlatforms) = postSolution
		{39AAB9DA-0D67-4DEB-AF48-CC97A0C4750F}.Debug|Any CPU.ActiveCfg = Debug|Any CPU
		{39AAB9DA-0D67-4DEB-AF48-CC97A0C4750F}.Debug|Any CPU.Build.0 = Debug|Any CPU
		{39AAB9DA-0D67-4DEB-AF48-CC97A0C4750F}.Release|Any CPU.ActiveCfg = Release|Any CPU
		{39AAB9DA-0D67-4DEB-AF48-CC97A0C4750F}.Release|Any CPU.Build.0 = Release|Any CPU
	EndGlobalSection
	GlobalSection(SolutionProperties) = preSolution
		HideSolutionNode = FALSE
	EndGlobalSection
	GlobalSection(ExtensibilityGlobals) = postSolution
		SolutionGuid = {994B35CD-484B-4F08-A9AE-9B1289D37FA0}
	EndGlobalSection
EndGlobal
